
Microsoft Visual Studio Solution File, Format Version 12.00
# Visual Studio Version 16
VisualStudioVersion = 16.0.30517.126
MinimumVisualStudioVersion = 10.0.40219.1
Project("{FAE04EC0-301F-11D3-BF4B-00C04F79EFBC}") = "Introduction", "Introduction\Introduction.csproj", "{BA6E48F8-B723-413C-97BC-BC09DCC28229}"
EndProject
Project("{FAE04EC0-301F-11D3-BF4B-00C04F79EFBC}") = "Features", "Features\Features.csproj", "{E772C10D-DA3C-4BC3-A0FD-5A9C69AA8A1F}"
EndProject
Project("{FAE04EC0-301F-11D3-BF4B-00C04F79EFBC}") = "Queries", "Queries\Queries.csproj", "{E6AF1FF5-6C85-4D89-BF54-52E36D750302}"
EndProject
Project("{FAE04EC0-301F-11D3-BF4B-00C04F79EFBC}") = "Cars", "Cars\Cars.csproj", "{AFF12028-085B-4B61-BFDE-554F8CE0CA26}"
EndProject
Global
	GlobalSection(SolutionConfigurationPlatforms) = preSolution
		Debug|Any CPU = Debug|Any CPU
		Release|Any CPU = Release|Any CPU
	EndGlobalSection
	GlobalSection(ProjectConfigurationPlatforms) = postSolution
		{BA6E48F8-B723-413C-97BC-BC09DCC28229}.Debug|Any CPU.ActiveCfg = Debug|Any CPU
		{BA6E48F8-B723-413C-97BC-BC09DCC28229}.Debug|Any CPU.Build.0 = Debug|Any CPU
		{BA6E48F8-B723-413C-97BC-BC09DCC28229}.Release|Any CPU.ActiveCfg = Release|Any CPU
		{BA6E48F8-B723-413C-97BC-BC09DCC28229}.Release|Any CPU.Build.0 = Release|Any CPU
		{E772C10D-DA3C-4BC3-A0FD-5A9C69AA8A1F}.Debug|Any CPU.ActiveCfg = Debug|Any CPU
		{E772C10D-DA3C-4BC3-A0FD-5A9C69AA8A1F}.Debug|Any CPU.Build.0 = Debug|Any CPU
		{E772C10D-DA3C-4BC3-A0FD-5A9C69AA8A1F}.Release|Any CPU.ActiveCfg = Release|Any CPU
		{E772C10D-DA3C-4BC3-A0FD-5A9C69AA8A1F}.Release|Any CPU.Build.0 = Release|Any CPU
		{E6AF1FF5-6C85-4D89-BF54-52E36D750302}.Debug|Any CPU.ActiveCfg = Debug|Any CPU
		{E6AF1FF5-6C85-4D89-BF54-52E36D750302}.Debug|Any CPU.Build.0 = Debug|Any CPU
		{E6AF1FF5-6C85-4D89-BF54-52E36D750302}.Release|Any CPU.ActiveCfg = Release|Any CPU
		{E6AF1FF5-6C85-4D89-BF54-52E36D750302}.Release|Any CPU.Build.0 = Release|Any CPU
		{AFF12028-085B-4B61-BFDE-554F8CE0CA26}.Debug|Any CPU.ActiveCfg = Debug|Any CPU
		{AFF12028-085B-4B61-BFDE-554F8CE0CA26}.Debug|Any CPU.Build.0 = Debug|Any CPU
		{AFF12028-085B-4B61-BFDE-554F8CE0CA26}.Release|Any CPU.ActiveCfg = Release|Any CPU
		{AFF12028-085B-4B61-BFDE-554F8CE0CA26}.Release|Any CPU.Build.0 = Release|Any CPU
	EndGlobalSection
	GlobalSection(SolutionProperties) = preSolution
		HideSolutionNode = FALSE
	EndGlobalSection
	GlobalSection(ExtensibilityGlobals) = postSolution
		SolutionGuid = {79CA94E7-7962-4D2D-BD59-8786E3FBA443}
	EndGlobalSection
EndGlobal
